github.com/rogpeppe/go-charset v0.0.0-20180617210344-2471d30d28b4/go.mod h1:qgYeAmZ5ZIpBWTGllZSQnw97Dj+woV0toclVaRGI8pc=
github.com/storyful/goproxy-1/ext v0.0.0-20210514104424-b4317598aaa5 h1:hb/MqRLHm1KAqbQfQocd7zczMJ5okpKgNMwrOUHQljs=
github.com/storyful/goproxy-1/ext v0.0.0-20210514104424-b4317598aaa5/go.mod h1:G2GDcogOd6glnqTCglythAjU//IkmkqlMNCqkH8I5sk=
